
Microsoft Visual Studio Solution File, Format Version 12.00
# Visual Studio Version 17
VisualStudioVersion = 17.8.34525.116
MinimumVisualStudioVersion = 10.0.40219.1
Project("{9A19103F-16F7-4668-BE54-9A1E7A4F7556}") = "OrderService", "OrderService\OrderService.csproj", "{2C1A8B94-E0D3-43E1-87AC-28C4D478FE5B}"
EndProject
Project("{9A19103F-16F7-4668-BE54-9A1E7A4F7556}") = "DAL", "dto\DAL.csproj", "{C542A5E4-8D80-4A6F-BC2B-A794F356A3DB}"
EndProject
Project("{FAE04EC0-301F-11D3-BF4B-00C04F79EFBC}") = "ReceiptService", "ReceiptService\ReceiptService.csproj", "{97133976-23DB-402C-8BDF-B21F368BC924}"
EndProject
Project("{FAE04EC0-301F-11D3-BF4B-00C04F79EFBC}") = "EmailService", "EmailService\EmailService.csproj", "{48C2A145-EBE0-4EBA-A018-A32B75BDB957}"
EndProject
Global
	GlobalSection(SolutionConfigurationPlatforms) = preSolution
		Debug|Any CPU = Debug|Any CPU
		Release|Any CPU = Release|Any CPU
	EndGlobalSection
	GlobalSection(ProjectConfigurationPlatforms) = postSolution
		{2C1A8B94-E0D3-43E1-87AC-28C4D478FE5B}.Debug|Any CPU.ActiveCfg = Debug|Any CPU
		{2C1A8B94-E0D3-43E1-87AC-28C4D478FE5B}.Debug|Any CPU.Build.0 = Debug|Any CPU
		{2C1A8B94-E0D3-43E1-87AC-28C4D478FE5B}.Release|Any CPU.ActiveCfg = Release|Any CPU
		{2C1A8B94-E0D3-43E1-87AC-28C4D478FE5B}.Release|Any CPU.Build.0 = Release|Any CPU
		{C542A5E4-8D80-4A6F-BC2B-A794F356A3DB}.Debug|Any CPU.ActiveCfg = Debug|Any CPU
		{C542A5E4-8D80-4A6F-BC2B-A794F356A3DB}.Debug|Any CPU.Build.0 = Debug|Any CPU
		{C542A5E4-8D80-4A6F-BC2B-A794F356A3DB}.Release|Any CPU.ActiveCfg = Release|Any CPU
		{C542A5E4-8D80-4A6F-BC2B-A794F356A3DB}.Release|Any CPU.Build.0 = Release|Any CPU
		{97133976-23DB-402C-8BDF-B21F368BC924}.Debug|Any CPU.ActiveCfg = Debug|Any CPU
		{97133976-23DB-402C-8BDF-B21F368BC924}.Debug|Any CPU.Build.0 = Debug|Any CPU
		{97133976-23DB-402C-8BDF-B21F368BC924}.Release|Any CPU.ActiveCfg = Release|Any CPU
		{97133976-23DB-402C-8BDF-B21F368BC924}.Release|Any CPU.Build.0 = Release|Any CPU
		{48C2A145-EBE0-4EBA-A018-A32B75BDB957}.Debug|Any CPU.ActiveCfg = Debug|Any CPU
		{48C2A145-EBE0-4EBA-A018-A32B75BDB957}.Debug|Any CPU.Build.0 = Debug|Any CPU
		{48C2A145-EBE0-4EBA-A018-A32B75BDB957}.Release|Any CPU.ActiveCfg = Release|Any CPU
		{48C2A145-EBE0-4EBA-A018-A32B75BDB957}.Release|Any CPU.Build.0 = Release|Any CPU
	EndGlobalSection
	GlobalSection(SolutionProperties) = preSolution
		HideSolutionNode = FALSE
	EndGlobalSection
	GlobalSection(ExtensibilityGlobals) = postSolution
		SolutionGuid = {B9F824E4-DFED-4ACF-A382-CF8C8963FCAA}
	EndGlobalSection
EndGlobal
